
Microsoft Visual Studio Solution File, Format Version 12.00
# Visual Studio Version 16
VisualStudioVersion = 16.0.29503.13
MinimumVisualStudioVersion = 10.0.40219.1
Project("{9A19103F-16F7-4668-BE54-9A1E7A4F7556}") = "Library.Entities", "Library.Entities\Library.Entities.csproj", "{04D86671-F1DA-4D2C-B6C6-AE12A4DAB403}"
EndProject
Project("{9A19103F-16F7-4668-BE54-9A1E7A4F7556}") = "Library.DataAccess", "Library.DataAccess\Library.DataAccess.csproj", "{88808CD3-CA1A-4A62-B3EC-D47CF54F3D58}"
EndProject
Project("{9A19103F-16F7-4668-BE54-9A1E7A4F7556}") = "Library.Business", "Library.Business\Library.Business.csproj", "{6EAF0F4F-9ABD-4CF9-AFF2-0FE5990E3BED}"
EndProject
Project("{9A19103F-16F7-4668-BE54-9A1E7A4F7556}") = "Core", "Core\Core.csproj", "{026F05B3-AFE5-48B5-AFDE-53ABA4BA840C}"
EndProject
Project("{FAE04EC0-301F-11D3-BF4B-00C04F79EFBC}") = "Library.WebApi", "Library.WebApi\Library.WebApi.csproj", "{CABEE917-4EAE-4F4D-9D06-E0ABED263639}"
EndProject
Project("{FAE04EC0-301F-11D3-BF4B-00C04F79EFBC}") = "Library.MVCWebUI", "Library.MVCWebUI\Library.MVCWebUI.csproj", "{53B0ADC1-B65A-43AE-A3B7-BEBA6E470306}"
EndProject
Global
	GlobalSection(SolutionConfigurationPlatforms) = preSolution
		Debug|Any CPU = Debug|Any CPU
		Release|Any CPU = Release|Any CPU
	EndGlobalSection
	GlobalSection(ProjectConfigurationPlatforms) = postSolution
		{04D86671-F1DA-4D2C-B6C6-AE12A4DAB403}.Debug|Any CPU.ActiveCfg = Debug|Any CPU
		{04D86671-F1DA-4D2C-B6C6-AE12A4DAB403}.Debug|Any CPU.Build.0 = Debug|Any CPU
		{04D86671-F1DA-4D2C-B6C6-AE12A4DAB403}.Release|Any CPU.ActiveCfg = Release|Any CPU
		{04D86671-F1DA-4D2C-B6C6-AE12A4DAB403}.Release|Any CPU.Build.0 = Release|Any CPU
		{88808CD3-CA1A-4A62-B3EC-D47CF54F3D58}.Debug|Any CPU.ActiveCfg = Debug|Any CPU
		{88808CD3-CA1A-4A62-B3EC-D47CF54F3D58}.Debug|Any CPU.Build.0 = Debug|Any CPU
		{88808CD3-CA1A-4A62-B3EC-D47CF54F3D58}.Release|Any CPU.ActiveCfg = Release|Any CPU
		{88808CD3-CA1A-4A62-B3EC-D47CF54F3D58}.Release|Any CPU.Build.0 = Release|Any CPU
		{6EAF0F4F-9ABD-4CF9-AFF2-0FE5990E3BED}.Debug|Any CPU.ActiveCfg = Debug|Any CPU
		{6EAF0F4F-9ABD-4CF9-AFF2-0FE5990E3BED}.Debug|Any CPU.Build.0 = Debug|Any CPU
		{6EAF0F4F-9ABD-4CF9-AFF2-0FE5990E3BED}.Release|Any CPU.ActiveCfg = Release|Any CPU
		{6EAF0F4F-9ABD-4CF9-AFF2-0FE5990E3BED}.Release|Any CPU.Build.0 = Release|Any CPU
		{026F05B3-AFE5-48B5-AFDE-53ABA4BA840C}.Debug|Any CPU.ActiveCfg = Debug|Any CPU
		{026F05B3-AFE5-48B5-AFDE-53ABA4BA840C}.Debug|Any CPU.Build.0 = Debug|Any CPU
		{026F05B3-AFE5-48B5-AFDE-53ABA4BA840C}.Release|Any CPU.ActiveCfg = Release|Any CPU
		{026F05B3-AFE5-48B5-AFDE-53ABA4BA840C}.Release|Any CPU.Build.0 = Release|Any CPU
		{CABEE917-4EAE-4F4D-9D06-E0ABED263639}.Debug|Any CPU.ActiveCfg = Debug|Any CPU
		{CABEE917-4EAE-4F4D-9D06-E0ABED263639}.Debug|Any CPU.Build.0 = Debug|Any CPU
		{CABEE917-4EAE-4F4D-9D06-E0ABED263639}.Release|Any CPU.ActiveCfg = Release|Any CPU
		{CABEE917-4EAE-4F4D-9D06-E0ABED263639}.Release|Any CPU.Build.0 = Release|Any CPU
		{53B0ADC1-B65A-43AE-A3B7-BEBA6E470306}.Debug|Any CPU.ActiveCfg = Debug|Any CPU
		{53B0ADC1-B65A-43AE-A3B7-BEBA6E470306}.Debug|Any CPU.Build.0 = Debug|Any CPU
		{53B0ADC1-B65A-43AE-A3B7-BEBA6E470306}.Release|Any CPU.ActiveCfg = Release|Any CPU
		{53B0ADC1-B65A-43AE-A3B7-BEBA6E470306}.Release|Any CPU.Build.0 = Release|Any CPU
	EndGlobalSection
	GlobalSection(SolutionProperties) = preSolution
		HideSolutionNode = FALSE
	EndGlobalSection
	GlobalSection(ExtensibilityGlobals) = postSolution
		SolutionGuid = {AA51B462-585C-4FC9-8792-54951B6CA063}
	EndGlobalSection
EndGlobal
